// !$*UTF8*$!
{
	archiveVersion = 1;
	classes = {
	};
	objectVersion = 50;
	objects = {

/* Begin PBXBuildFile section */
		2270DAEC926B55D65FAAA510 /* Pods_flixster.framework in Frameworks */ = {isa = PBXBuildFile; fileRef = 1D110F6216AD1A30CED8DD92 /* Pods_flixster.framework */; };
		2617FE1C57C698481FCA58E9 /* Pods_flixster_flixsterUITests.framework in Frameworks */ = {isa = PBXBuildFile; fileRef = 3262076CE69B79131382BD3B /* Pods_flixster_flixsterUITests.framework */; };
		42A2382601841690AB8F8DC7 /* Pods_flixsterTests.framework in Frameworks */ = {isa = PBXBuildFile; fileRef = 6F8E5A2E0F6C3925D04BD536 /* Pods_flixsterTests.framework */; };
		B6025838235AC154001AB1A8 /* AppDelegate.swift in Sources */ = {isa = PBXBuildFile; fileRef = B6025837235AC154001AB1A8 /* AppDelegate.swift */; };
		B602583A235AC154001AB1A8 /* SceneDelegate.swift in Sources */ = {isa = PBXBuildFile; fileRef = B6025839235AC154001AB1A8 /* SceneDelegate.swift */; };
		B602583F235AC154001AB1A8 /* Main.storyboard in Resources */ = {isa = PBXBuildFile; fileRef = B602583D235AC154001AB1A8 /* Main.storyboard */; };
		B6025841235AC155001AB1A8 /* Assets.xcassets in Resources */ = {isa = PBXBuildFile; fileRef = B6025840235AC155001AB1A8 /* Assets.xcassets */; };
		B6025844235AC155001AB1A8 /* LaunchScreen.storyboard in Resources */ = {isa = PBXBuildFile; fileRef = B6025842235AC155001AB1A8 /* LaunchScreen.storyboard */; };
		B602584F235AC155001AB1A8 /* flixsterTests.swift in Sources */ = {isa = PBXBuildFile; fileRef = B602584E235AC155001AB1A8 /* flixsterTests.swift */; };
		B602585A235AC155001AB1A8 /* flixsterUITests.swift in Sources */ = {isa = PBXBuildFile; fileRef = B6025859235AC155001AB1A8 /* flixsterUITests.swift */; };
		B6025868235AC4D5001AB1A8 /* MovieViewController.swift in Sources */ = {isa = PBXBuildFile; fileRef = B6025867235AC4D5001AB1A8 /* MovieViewController.swift */; };
		B602586A235ADB39001AB1A8 /* MovieCell.swift in Sources */ = {isa = PBXBuildFile; fileRef = B6025869235ADB39001AB1A8 /* MovieCell.swift */; };
/* End PBXBuildFile section */

/* Begin PBXContainerItemProxy section */
		B602584B235AC155001AB1A8 /* PBXContainerItemProxy */ = {
			isa = PBXContainerItemProxy;
			containerPortal = B602582C235AC154001AB1A8 /* Project object */;
			proxyType = 1;
			remoteGlobalIDString = B6025833235AC154001AB1A8;
			remoteInfo = flixster;
		};
		B6025856235AC155001AB1A8 /* PBXContainerItemProxy */ = {
			isa = PBXContainerItemProxy;
			containerPortal = B602582C235AC154001AB1A8 /* Project object */;
			proxyType = 1;
			remoteGlobalIDString = B6025833235AC154001AB1A8;
			remoteInfo = flixster;
		};
/* End PBXContainerItemProxy section */

/* Begin PBXFileReference section */
		1D110F6216AD1A30CED8DD92 /* Pods_flixster.framework */ = {isa = PBXFileReference; explicitFileType = wrapper.framework; includeInIndex = 0; path = Pods_flixster.framework; sourceTree = BUILT_PRODUCTS_DIR; };
		1F26A67EA075E4DAB60A860A /* Pods-flixster-flixsterUITests.debug.xcconfig */ = {isa = PBXFileReference; includeInIndex = 1; lastKnownFileType = text.xcconfig; name = "Pods-flixster-flixsterUITests.debug.xcconfig"; path = "Target Support Files/Pods-flixster-flixsterUITests/Pods-flixster-flixsterUITests.debug.xcconfig"; sourceTree = "<group>"; };
		3262076CE69B79131382BD3B /* Pods_flixster_flixsterUITests.framework */ = {isa = PBXFileReference; explicitFileType = wrapper.framework; includeInIndex = 0; path = Pods_flixster_flixsterUITests.framework; sourceTree = BUILT_PRODUCTS_DIR; };
		6F8E5A2E0F6C3925D04BD536 /* Pods_flixsterTests.framework */ = {isa = PBXFileReference; explicitFileType = wrapper.framework; includeInIndex = 0; path = Pods_flixsterTests.framework; sourceTree = BUILT_PRODUCTS_DIR; };
		7EB6ED0743AEDB65DF54361F /* Pods-flixster.release.xcconfig */ = {isa = PBXFileReference; includeInIndex = 1; lastKnownFileType = text.xcconfig; name = "Pods-flixster.release.xcconfig"; path = "Target Support Files/Pods-flixster/Pods-flixster.release.xcconfig"; sourceTree = "<group>"; };
		B6025834235AC154001AB1A8 /* flixster.app */ = {isa = PBXFileReference; explicitFileType = wrapper.application; includeInIndex = 0; path = flixster.app; sourceTree = BUILT_PRODUCTS_DIR; };
		B6025837235AC154001AB1A8 /* AppDelegate.swift */ = {isa = PBXFileReference; lastKnownFileType = sourcecode.swift; path = AppDelegate.swift; sourceTree = "<group>"; };
		B6025839235AC154001AB1A8 /* SceneDelegate.swift */ = {isa = PBXFileReference; lastKnownFileType = sourcecode.swift; path = SceneDelegate.swift; sourceTree = "<group>"; };
		B602583E235AC154001AB1A8 /* Base */ = {isa = PBXFileReference; lastKnownFileType = file.storyboard; name = Base; path = Base.lproj/Main.storyboard; sourceTree = "<group>"; };
		B6025840235AC155001AB1A8 /* Assets.xcassets */ = {isa = PBXFileReference; lastKnownFileType = folder.assetcatalog; path = Assets.xcassets; sourceTree = "<group>"; };
		B6025843235AC155001AB1A8 /* Base */ = {isa = PBXFileReference; lastKnownFileType = file.storyboard; name = Base; path = Base.lproj/LaunchScreen.storyboard; sourceTree = "<group>"; };
		B6025845235AC155001AB1A8 /* Info.plist */ = {isa = PBXFileReference; lastKnownFileType = text.plist.xml; path = Info.plist; sourceTree = "<group>"; };
		B602584A235AC155001AB1A8 /* flixsterTests.xctest */ = {isa = PBXFileReference; explicitFileType = wrapper.cfbundle; includeInIndex = 0; path = flixsterTests.xctest; sourceTree = BUILT_PRODUCTS_DIR; };
		B602584E235AC155001AB1A8 /* flixsterTests.swift */ = {isa = PBXFileReference; lastKnownFileType = sourcecode.swift; path = flixsterTests.swift; sourceTree = "<group>"; };
		B6025850235AC155001AB1A8 /* Info.plist */ = {isa = PBXFileReference; lastKnownFileType = text.plist.xml; path = Info.plist; sourceTree = "<group>"; };
		B6025855235AC155001AB1A8 /* flixsterUITests.xctest */ = {isa = PBXFileReference; explicitFileType = wrapper.cfbundle; includeInIndex = 0; path = flixsterUITests.xctest; sourceTree = BUILT_PRODUCTS_DIR; };
		B6025859235AC155001AB1A8 /* flixsterUITests.swift */ = {isa = PBXFileReference; lastKnownFileType = sourcecode.swift; path = flixsterUITests.swift; sourceTree = "<group>"; };
		B602585B235AC155001AB1A8 /* Info.plist */ = {isa = PBXFileReference; lastKnownFileType = text.plist.xml; path = Info.plist; sourceTree = "<group>"; };
		B6025867235AC4D5001AB1A8 /* MovieViewController.swift */ = {isa = PBXFileReference; lastKnownFileType = sourcecode.swift; path = MovieViewController.swift; sourceTree = "<group>"; };
		B6025869235ADB39001AB1A8 /* MovieCell.swift */ = {isa = PBXFileReference; lastKnownFileType = sourcecode.swift; path = MovieCell.swift; sourceTree = "<group>"; };
		C36BCC9F07DF3C5C34E97D60 /* Pods-flixster.debug.xcconfig */ = {isa = PBXFileReference; includeInIndex = 1; lastKnownFileType = text.xcconfig; name = "Pods-flixster.debug.xcconfig"; path = "Target Support Files/Pods-flixster/Pods-flixster.debug.xcconfig"; sourceTree = "<group>"; };
		C39804DC4DD2C36EB2A7DCDF /* Pods-flixsterTests.release.xcconfig */ = {isa = PBXFileReference; includeInIndex = 1; lastKnownFileType = text.xcconfig; name = "Pods-flixsterTests.release.xcconfig"; path = "Target Support Files/Pods-flixsterTests/Pods-flixsterTests.release.xcconfig"; sourceTree = "<group>"; };
		E076A6628959552F346A410D /* Pods-flixsterTests.debug.xcconfig */ = {isa = PBXFileReference; includeInIndex = 1; lastKnownFileType = text.xcconfig; name = "Pods-flixsterTests.debug.xcconfig"; path = "Target Support Files/Pods-flixsterTests/Pods-flixsterTests.debug.xcconfig"; sourceTree = "<group>"; };
		E9AC2F79D79DEA2732821C32 /* Pods-flixster-flixsterUITests.release.xcconfig */ = {isa = PBXFileReference; includeInIndex = 1; lastKnownFileType = text.xcconfig; name = "Pods-flixster-flixsterUITests.release.xcconfig"; path = "Target Support Files/Pods-flixster-flixsterUITests/Pods-flixster-flixsterUITests.release.xcconfig"; sourceTree = "<group>"; };
/* End PBXFileReference section */

/* Begin PBXFrameworksBuildPhase section */
		B6025831235AC154001AB1A8 /* Frameworks */ = {
			isa = PBXFrameworksBuildPhase;
			buildActionMask = 2147483647;
			files = (
				2270DAEC926B55D65FAAA510 /* Pods_flixster.framework in Frameworks */,
			);
			runOnlyForDeploymentPostprocessing = 0;
		};
		B6025847235AC155001AB1A8 /* Frameworks */ = {
			isa = PBXFrameworksBuildPhase;
			buildActionMask = 2147483647;
			files = (
				42A2382601841690AB8F8DC7 /* Pods_flixsterTests.framework in Frameworks */,
			);
			runOnlyForDeploymentPostprocessing = 0;
		};
		B6025852235AC155001AB1A8 /* Frameworks */ = {
			isa = PBXFrameworksBuildPhase;
			buildActionMask = 2147483647;
			files = (
				2617FE1C57C698481FCA58E9 /* Pods_flixster_flixsterUITests.framework in Frameworks */,
			);
			runOnlyForDeploymentPostprocessing = 0;
		};
/* End PBXFrameworksBuildPhase section */

/* Begin PBXGroup section */
		22FE11D072297352EB54FF65 /* Pods */ = {
			isa = PBXGroup;
			children = (
				C36BCC9F07DF3C5C34E97D60 /* Pods-flixster.debug.xcconfig */,
				7EB6ED0743AEDB65DF54361F /* Pods-flixster.release.xcconfig */,
				1F26A67EA075E4DAB60A860A /* Pods-flixster-flixsterUITests.debug.xcconfig */,
				E9AC2F79D79DEA2732821C32 /* Pods-flixster-flixsterUITests.release.xcconfig */,
				E076A6628959552F346A410D /* Pods-flixsterTests.debug.xcconfig */,
				C39804DC4DD2C36EB2A7DCDF /* Pods-flixsterTests.release.xcconfig */,
			);
			name = Pods;
			path = Pods;
			sourceTree = "<group>";
		};
		B602582B235AC154001AB1A8 = {
			isa = PBXGroup;
			children = (
				B6025836235AC154001AB1A8 /* flixster */,
				B602584D235AC155001AB1A8 /* flixsterTests */,
				B6025858235AC155001AB1A8 /* flixsterUITests */,
				B6025835235AC154001AB1A8 /* Products */,
				22FE11D072297352EB54FF65 /* Pods */,
				D52FEAC5F844EC4DB50F3A74 /* Frameworks */,
			);
			sourceTree = "<group>";
		};
		B6025835235AC154001AB1A8 /* Products */ = {
			isa = PBXGroup;
			children = (
				B6025834235AC154001AB1A8 /* flixster.app */,
				B602584A235AC155001AB1A8 /* flixsterTests.xctest */,
				B6025855235AC155001AB1A8 /* flixsterUITests.xctest */,
			);
			name = Products;
			sourceTree = "<group>";
		};
		B6025836235AC154001AB1A8 /* flixster */ = {
			isa = PBXGroup;
			children = (
				B6025837235AC154001AB1A8 /* AppDelegate.swift */,
				B6025839235AC154001AB1A8 /* SceneDelegate.swift */,
				B602583D235AC154001AB1A8 /* Main.storyboard */,
				B6025840235AC155001AB1A8 /* Assets.xcassets */,
				B6025842235AC155001AB1A8 /* LaunchScreen.storyboard */,
				B6025845235AC155001AB1A8 /* Info.plist */,
				B6025867235AC4D5001AB1A8 /* MovieViewController.swift */,
				B6025869235ADB39001AB1A8 /* MovieCell.swift */,
			);
			path = flixster;
			sourceTree = "<group>";
		};
		B602584D235AC155001AB1A8 /* flixsterTests */ = {
			isa = PBXGroup;
			children = (
				B602584E235AC155001AB1A8 /* flixsterTests.swift */,
				B6025850235AC155001AB1A8 /* Info.plist */,
			);
			path = flixsterTests;
			sourceTree = "<group>";
		};
		B6025858235AC155001AB1A8 /* flixsterUITests */ = {
			isa = PBXGroup;
			children = (
				B6025859235AC155001AB1A8 /* flixsterUITests.swift */,
				B602585B235AC155001AB1A8 /* Info.plist */,
			);
			path = flixsterUITests;
			sourceTree = "<group>";
		};
		D52FEAC5F844EC4DB50F3A74 /* Frameworks */ = {
			isa = PBXGroup;
			children = (
				1D110F6216AD1A30CED8DD92 /* Pods_flixster.framework */,
				3262076CE69B79131382BD3B /* Pods_flixster_flixsterUITests.framework */,
				6F8E5A2E0F6C3925D04BD536 /* Pods_flixsterTests.framework */,
			);
			name = Frameworks;
			sourceTree = "<group>";
		};
/* End PBXGroup section */

/* Begin PBXNativeTarget section */
		B6025833235AC154001AB1A8 /* flixster */ = {
			isa = PBXNativeTarget;
			buildConfigurationList = B602585E235AC155001AB1A8 /* Build configuration list for PBXNativeTarget "flixster" */;
			buildPhases = (
				1F0E5B8F62EF6FE0B6858020 /* [CP] Check Pods Manifest.lock */,
				B6025830235AC154001AB1A8 /* Sources */,
				B6025831235AC154001AB1A8 /* Frameworks */,
				B6025832235AC154001AB1A8 /* Resources */,
				DE112F22DAEAAFAC1227A512 /* [CP] Embed Pods Frameworks */,
			);
			buildRules = (
			);
			dependencies = (
			);
			name = flixster;
			productName = flixster;
			productReference = B6025834235AC154001AB1A8 /* flixster.app */;
			productType = "com.apple.product-type.application";
		};
		B6025849235AC155001AB1A8 /* flixsterTests */ = {
			isa = PBXNativeTarget;
			buildConfigurationList = B6025861235AC155001AB1A8 /* Build configuration list for PBXNativeTarget "flixsterTests" */;
			buildPhases = (
				AE4E5AA9690AC9A737DBE0FB /* [CP] Check Pods Manifest.lock */,
				B6025846235AC155001AB1A8 /* Sources */,
				B6025847235AC155001AB1A8 /* Frameworks */,
				B6025848235AC155001AB1A8 /* Resources */,
			);
			buildRules = (
			);
			dependencies = (
				B602584C235AC155001AB1A8 /* PBXTargetDependency */,
			);
			name = flixsterTests;
			productName = flixsterTests;
			productReference = B602584A235AC155001AB1A8 /* flixsterTests.xctest */;
			productType = "com.apple.product-type.bundle.unit-test";
		};
		B6025854235AC155001AB1A8 /* flixsterUITests */ = {
			isa = PBXNativeTarget;
			buildConfigurationList = B6025864235AC155001AB1A8 /* Build configuration list for PBXNativeTarget "flixsterUITests" */;
			buildPhases = (
				498DC74A288700C65C925450 /* [CP] Check Pods Manifest.lock */,
				B6025851235AC155001AB1A8 /* Sources */,
				B6025852235AC155001AB1A8 /* Frameworks */,
				B6025853235AC155001AB1A8 /* Resources */,
				613A7CC377911620925DC853 /* [CP] Embed Pods Frameworks */,
			);
			buildRules = (
			);
			dependencies = (
				B6025857235AC155001AB1A8 /* PBXTargetDependency */,
			);
			name = flixsterUITests;
			productName = flixsterUITests;
			productReference = B6025855235AC155001AB1A8 /* flixsterUITests.xctest */;
			productType = "com.apple.product-type.bundle.ui-testing";
		};
/* End PBXNativeTarget section */

/* Begin PBXProject section */
		B602582C235AC154001AB1A8 /* Project object */ = {
			isa = PBXProject;
			attributes = {
				LastSwiftUpdateCheck = 1100;
				LastUpgradeCheck = 1100;
				ORGANIZATIONNAME = "Danielle Garsten";
				TargetAttributes = {
					B6025833235AC154001AB1A8 = {
						CreatedOnToolsVersion = 11.0;
					};
					B6025849235AC155001AB1A8 = {
						CreatedOnToolsVersion = 11.0;
						TestTargetID = B6025833235AC154001AB1A8;
					};
					B6025854235AC155001AB1A8 = {
						CreatedOnToolsVersion = 11.0;
						TestTargetID = B6025833235AC154001AB1A8;
					};
				};
			};
			buildConfigurationList = B602582F235AC154001AB1A8 /* Build configuration list for PBXProject "flixster" */;
			compatibilityVersion = "Xcode 9.3";
			developmentRegion = en;
			hasScannedForEncodings = 0;
			knownRegions = (
				en,
				Base,
			);
			mainGroup = B602582B235AC154001AB1A8;
			productRefGroup = B6025835235AC154001AB1A8 /* Products */;
			projectDirPath = "";
			projectRoot = "";
			targets = (
				B6025833235AC154001AB1A8 /* flixster */,
				B6025849235AC155001AB1A8 /* flixsterTests */,
				B6025854235AC155001AB1A8 /* flixsterUITests */,
			);
		};
/* End PBXProject section */

/* Begin PBXResourcesBuildPhase section */
		B6025832235AC154001AB1A8 /* Resources */ = {
			isa = PBXResourcesBuildPhase;
			buildActionMask = 2147483647;
			files = (
				B6025844235AC155001AB1A8 /* LaunchScreen.storyboard in Resources */,
				B6025841235AC155001AB1A8 /* Assets.xcassets in Resources */,
				B602583F235AC154001AB1A8 /* Main.storyboard in Resources */,
			);
			runOnlyForDeploymentPostprocessing = 0;
		};
		B6025848235AC155001AB1A8 /* Resources */ = {
			isa = PBXResourcesBuildPhase;
			buildActionMask = 2147483647;
			files = (
			);
			runOnlyForDeploymentPostprocessing = 0;
		};
		B6025853235AC155001AB1A8 /* Resources */ = {
			isa = PBXResourcesBuildPhase;
			buildActionMask = 2147483647;
			files = (
			);
			runOnlyForDeploymentPostprocessing = 0;
		};
/* End PBXResourcesBuildPhase section */

/* Begin PBXShellScriptBuildPhase section */
		1F0E5B8F62EF6FE0B6858020 /* [CP] Check Pods Manifest.lock */ = {
			isa = PBXShellScriptBuildPhase;
			buildActionMask = 2147483647;
			files = (
			);
			inputFileListPaths = (
			);
			inputPaths = (
				"${PODS_PODFILE_DIR_PATH}/Podfile.lock",
				"${PODS_ROOT}/Manifest.lock",
			);
			name = "[CP] Check Pods Manifest.lock";
			outputFileListPaths = (
			);
			outputPaths = (
				"$(DERIVED_FILE_DIR)/Pods-flixster-checkManifestLockResult.txt",
			);
			runOnlyForDeploymentPostprocessing = 0;
			shellPath = /bin/sh;
			shellScript = "diff \"${PODS_PODFILE_DIR_PATH}/Podfile.lock\" \"${PODS_ROOT}/Manifest.lock\" > /dev/null\nif [ $? != 0 ] ; then\n    # print error to STDERR\n    echo \"error: The sandbox is not in sync with the Podfile.lock. Run 'pod install' or update your CocoaPods installation.\" >&2\n    exit 1\nfi\n# This output is used by Xcode 'outputs' to avoid re-running this script phase.\necho \"SUCCESS\" > \"${SCRIPT_OUTPUT_FILE_0}\"\n";
			showEnvVarsInLog = 0;
		};
		498DC74A288700C65C925450 /* [CP] Check Pods Manifest.lock */ = {
			isa = PBXShellScriptBuildPhase;
			buildActionMask = 2147483647;
			files = (
			);
			inputFileListPaths = (
			);
			inputPaths = (
				"${PODS_PODFILE_DIR_PATH}/Podfile.lock",
				"${PODS_ROOT}/Manifest.lock",
			);
			name = "[CP] Check Pods Manifest.lock";
			outputFileListPaths = (
			);
			outputPaths = (
				"$(DERIVED_FILE_DIR)/Pods-flixster-flixsterUITests-checkManifestLockResult.txt",
			);
			runOnlyForDeploymentPostprocessing = 0;
			shellPath = /bin/sh;
			shellScript = "diff \"${PODS_PODFILE_DIR_PATH}/Podfile.lock\" \"${PODS_ROOT}/Manifest.lock\" > /dev/null\nif [ $? != 0 ] ; then\n    # print error to STDERR\n    echo \"error: The sandbox is not in sync with the Podfile.lock. Run 'pod install' or update your CocoaPods installation.\" >&2\n    exit 1\nfi\n# This output is used by Xcode 'outputs' to avoid re-running this script phase.\necho \"SUCCESS\" > \"${SCRIPT_OUTPUT_FILE_0}\"\n";
			showEnvVarsInLog = 0;
		};
		613A7CC377911620925DC853 /* [CP] Embed Pods Frameworks */ = {
			isa = PBXShellScriptBuildPhase;
			buildActionMask = 2147483647;
			files = (
			);
			inputFileListPaths = (
				"${PODS_ROOT}/Target Support Files/Pods-flixster-flixsterUITests/Pods-flixster-flixsterUITests-frameworks-${CONFIGURATION}-input-files.xcfilelist",
			);
			name = "[CP] Embed Pods Frameworks";
			outputFileListPaths = (
				"${PODS_ROOT}/Target Support Files/Pods-flixster-flixsterUITests/Pods-flixster-flixsterUITests-frameworks-${CONFIGURATION}-output-files.xcfilelist",
			);
			runOnlyForDeploymentPostprocessing = 0;
			shellPath = /bin/sh;
			shellScript = "\"${PODS_ROOT}/Target Support Files/Pods-flixster-flixsterUITests/Pods-flixster-flixsterUITests-frameworks.sh\"\n";
			showEnvVarsInLog = 0;
		};
		AE4E5AA9690AC9A737DBE0FB /* [CP] Check Pods Manifest.lock */ = {
			isa = PBXShellScriptBuildPhase;
			buildActionMask = 2147483647;
			files = (
			);
			inputFileListPaths = (
			);
			inputPaths = (
				"${PODS_PODFILE_DIR_PATH}/Podfile.lock",
				"${PODS_ROOT}/Manifest.lock",
			);
			name = "[CP] Check Pods Manifest.lock";
			outputFileListPaths = (
			);
			outputPaths = (
				"$(DERIVED_FILE_DIR)/Pods-flixsterTests-checkManifestLockResult.txt",
			);
			runOnlyForDeploymentPostprocessing = 0;
			shellPath = /bin/sh;
			shellScript = "diff \"${PODS_PODFILE_DIR_PATH}/Podfile.lock\" \"${PODS_ROOT}/Manifest.lock\" > /dev/null\nif [ $? != 0 ] ; then\n    # print error to STDERR\n    echo \"error: The sandbox is not in sync with the Podfile.lock. Run 'pod install' or update your CocoaPods installation.\" >&2\n    exit 1\nfi\n# This output is used by Xcode 'outputs' to avoid re-running this script phase.\necho \"SUCCESS\" > \"${SCRIPT_OUTPUT_FILE_0}\"\n";
			showEnvVarsInLog = 0;
		};
		DE112F22DAEAAFAC1227A512 /* [CP] Embed Pods Frameworks */ = {
			isa = PBXShellScriptBuildPhase;
			buildActionMask = 2147483647;
			files = (
			);
			inputFileListPaths = (
				"${PODS_ROOT}/Target Support Files/Pods-flixster/Pods-flixster-frameworks-${CONFIGURATION}-input-files.xcfilelist",
			);
			name = "[CP] Embed Pods Frameworks";
			outputFileListPaths = (
				"${PODS_ROOT}/Target Support Files/Pods-flixster/Pods-flixster-frameworks-${CONFIGURATION}-output-files.xcfilelist",
			);
			runOnlyForDeploymentPostprocessing = 0;
			shellPath = /bin/sh;
			shellScript = "\"${PODS_ROOT}/Target Support Files/Pods-flixster/Pods-flixster-frameworks.sh\"\n";
			showEnvVarsInLog = 0;
		};
/* End PBXShellScriptBuildPhase section */

/* Begin PBXSourcesBuildPhase section */
		B6025830235AC154001AB1A8 /* Sources */ = {
			isa = PBXSourcesBuildPhase;
			buildActionMask = 2147483647;
			files = (
				B6025838235AC154001AB1A8 /* AppDelegate.swift in Sources */,
				B602583A235AC154001AB1A8 /* SceneDelegate.swift in Sources */,
				B602586A235ADB39001AB1A8 /* MovieCell.swift in Sources */,
				B6025868235AC4D5001AB1A8 /* MovieViewController.swift in Sources */,
			);
			runOnlyForDeploymentPostprocessing = 0;
		};
		B6025846235AC155001AB1A8 /* Sources */ = {
			isa = PBXSourcesBuildPhase;
			buildActionMask = 2147483647;
			files = (
				B602584F235AC155001AB1A8 /* flixsterTests.swift in Sources */,
			);
			runOnlyForDeploymentPostprocessing = 0;
		};
		B6025851235AC155001AB1A8 /* Sources */ = {
			isa = PBXSourcesBuildPhase;
			buildActionMask = 2147483647;
			files = (
				B602585A235AC155001AB1A8 /* flixsterUITests.swift in Sources */,
			);
			runOnlyForDeploymentPostprocessing = 0;
		};
/* End PBXSourcesBuildPhase section */

/* Begin PBXTargetDependency section */
		B602584C235AC155001AB1A8 /* PBXTargetDependency */ = {
			isa = PBXTargetDependency;
			target = B6025833235AC154001AB1A8 /* flixster */;
			targetProxy = B602584B235AC155001AB1A8 /* PBXContainerItemProxy */;
		};
		B6025857235AC155001AB1A8 /* PBXTargetDependency */ = {
			isa = PBXTargetDependency;
			target = B6025833235AC154001AB1A8 /* flixster */;
			targetProxy = B6025856235AC155001AB1A8 /* PBXContainerItemProxy */;
		};
/* End PBXTargetDependency section */

/* Begin PBXVariantGroup section */
		B602583D235AC154001AB1A8 /* Main.storyboard */ = {
			isa = PBXVariantGroup;
			children = (
				B602583E235AC154001AB1A8 /* Base */,
			);
			name = Main.storyboard;
			sourceTree = "<group>";
		};
		B6025842235AC155001AB1A8 /* LaunchScreen.storyboard */ = {
			isa = PBXVariantGroup;
			children = (
				B6025843235AC155001AB1A8 /* Base */,
			);
			name = LaunchScreen.storyboard;
			sourceTree = "<group>";
		};
/* End PBXVariantGroup section */

/* Begin XCBuildConfiguration section */
		B602585C235AC155001AB1A8 /* Debug */ = {
			isa = XCBuildConfiguration;
			buildSettings = {
				ALWAYS_SEARCH_USER_PATHS = NO;
				CLANG_ANALYZER_NONNULL = YES;
				CLANG_ANALYZER_NUMBER_OBJECT_CONVERSION = YES_AGGRESSIVE;
				CLANG_CXX_LANGUAGE_STANDARD = "gnu++14";
				CLANG_CXX_LIBRARY = "libc++";
				CLANG_ENABLE_MODULES = YES;
				CLANG_ENABLE_OBJC_ARC = YES;
				CLANG_ENABLE_OBJC_WEAK = YES;
				CLANG_WARN_BLOCK_CAPTURE_AUTORELEASING = YES;
				CLANG_WARN_BOOL_CONVERSION = YES;
				CLANG_WARN_COMMA = YES;
				CLANG_WARN_CONSTANT_CONVERSION = YES;
				CLANG_WARN_DEPRECATED_OBJC_IMPLEMENTATIONS = YES;
				CLANG_WARN_DIRECT_OBJC_ISA_USAGE = YES_ERROR;
				CLANG_WARN_DOCUMENTATION_COMMENTS = YES;
				CLANG_WARN_EMPTY_BODY = YES;
				CLANG_WARN_ENUM_CONVERSION = YES;
				CLANG_WARN_INFINITE_RECURSION = YES;
				CLANG_WARN_INT_CONVERSION = YES;
				CLANG_WARN_NON_LITERAL_NULL_CONVERSION = YES;
				CLANG_WARN_OBJC_IMPLICIT_RETAIN_SELF = YES;
				CLANG_WARN_OBJC_LITERAL_CONVERSION = YES;
				CLANG_WARN_OBJC_ROOT_CLASS = YES_ERROR;
				CLANG_WARN_RANGE_LOOP_ANALYSIS = YES;
				CLANG_WARN_STRICT_PROTOTYPES = YES;
				CLANG_WARN_SUSPICIOUS_MOVE = YES;
				CLANG_WARN_UNGUARDED_AVAILABILITY = YES_AGGRESSIVE;
				CLANG_WARN_UNREACHABLE_CODE = YES;
				CLANG_WARN__DUPLICATE_METHOD_MATCH = YES;
				COPY_PHASE_STRIP = NO;
				DEBUG_INFORMATION_FORMAT = dwarf;
				ENABLE_STRICT_OBJC_MSGSEND = YES;
				ENABLE_TESTABILITY = YES;
				GCC_C_LANGUAGE_STANDARD = gnu11;
				GCC_DYNAMIC_NO_PIC = NO;
				GCC_NO_COMMON_BLOCKS = YES;
				GCC_OPTIMIZATION_LEVEL = 0;
				GCC_PREPROCESSOR_DEFINITIONS = (
					"DEBUG=1",
					"$(inherited)",
				);
				GCC_WARN_64_TO_32_BIT_CONVERSION = YES;
				GCC_WARN_ABOUT_RETURN_TYPE = YES_ERROR;
				GCC_WARN_UNDECLARED_SELECTOR = YES;
				GCC_WARN_UNINITIALIZED_AUTOS = YES_AGGRESSIVE;
				GCC_WARN_UNUSED_FUNCTION = YES;
				GCC_WARN_UNUSED_VARIABLE = YES;
				IPHONEOS_DEPLOYMENT_TARGET = 13.0;
				MTL_ENABLE_DEBUG_INFO = INCLUDE_SOURCE;
				MTL_FAST_MATH = YES;
				ONLY_ACTIVE_ARCH = YES;
				SDKROOT = iphoneos;
				SWIFT_ACTIVE_COMPILATION_CONDITIONS = DEBUG;
				SWIFT_OPTIMIZATION_LEVEL = "-Onone";
			};
			name = Debug;
		};
		B602585D235AC155001AB1A8 /* Release */ = {
			isa = XCBuildConfiguration;
			buildSettings = {
				ALWAYS_SEARCH_USER_PATHS = NO;
				CLANG_ANALYZER_NONNULL = YES;
				CLANG_ANALYZER_NUMBER_OBJECT_CONVERSION = YES_AGGRESSIVE;
				CLANG_CXX_LANGUAGE_STANDARD = "gnu++14";
				CLANG_CXX_LIBRARY = "libc++";
				CLANG_ENABLE_MODULES = YES;
				CLANG_ENABLE_OBJC_ARC = YES;
				CLANG_ENABLE_OBJC_WEAK = YES;
				CLANG_WARN_BLOCK_CAPTURE_AUTORELEASING = YES;
				CLANG_WARN_BOOL_CONVERSION = YES;
				CLANG_WARN_COMMA = YES;
				CLANG_WARN_CONSTANT_CONVERSION = YES;
				CLANG_WARN_DEPRECATED_OBJC_IMPLEMENTATIONS = YES;
				CLANG_WARN_DIRECT_OBJC_ISA_USAGE = YES_ERROR;
				CLANG_WARN_DOCUMENTATION_COMMENTS = YES;
				CLANG_WARN_EMPTY_BODY = YES;
				CLANG_WARN_ENUM_CONVERSION = YES;
				CLANG_WARN_INFINITE_RECURSION = YES;
				CLANG_WARN_INT_CONVERSION = YES;
				CLANG_WARN_NON_LITERAL_NULL_CONVERSION = YES;
				CLANG_WARN_OBJC_IMPLICIT_RETAIN_SELF = YES;
				CLANG_WARN_OBJC_LITERAL_CONVERSION = YES;
				CLANG_WARN_OBJC_ROOT_CLASS = YES_ERROR;
				CLANG_WARN_RANGE_LOOP_ANALYSIS = YES;
				CLANG_WARN_STRICT_PROTOTYPES = YES;
				CLANG_WARN_SUSPICIOUS_MOVE = YES;
				CLANG_WARN_UNGUARDED_AVAILABILITY = YES_AGGRESSIVE;
				CLANG_WARN_UNREACHABLE_CODE = YES;
				CLANG_WARN__DUPLICATE_METHOD_MATCH = YES;
				COPY_PHASE_STRIP = NO;
				DEBUG_INFORMATION_FORMAT = "dwarf-with-dsym";
				ENABLE_NS_ASSERTIONS = NO;
				ENABLE_STRICT_OBJC_MSGSEND = YES;
				GCC_C_LANGUAGE_STANDARD = gnu11;
				GCC_NO_COMMON_BLOCKS = YES;
				GCC_WARN_64_TO_32_BIT_CONVERSION = YES;
				GCC_WARN_ABOUT_RETURN_TYPE = YES_ERROR;
				GCC_WARN_UNDECLARED_SELECTOR = YES;
				GCC_WARN_UNINITIALIZED_AUTOS = YES_AGGRESSIVE;
				GCC_WARN_UNUSED_FUNCTION = YES;
				GCC_WARN_UNUSED_VARIABLE = YES;
				IPHONEOS_DEPLOYMENT_TARGET = 13.0;
				MTL_ENABLE_DEBUG_INFO = NO;
				MTL_FAST_MATH = YES;
				SDKROOT = iphoneos;
				SWIFT_COMPILATION_MODE = wholemodule;
				SWIFT_OPTIMIZATION_LEVEL = "-O";
				VALIDATE_PRODUCT = YES;
			};
			name = Release;
		};
		B602585F235AC155001AB1A8 /* Debug */ = {
			isa = XCBuildConfiguration;
			baseConfigurationReference = C36BCC9F07DF3C5C34E97D60 /* Pods-flixster.debug.xcconfig */;
			buildSettings = {
				ASSETCATALOG_COMPILER_APPICON_NAME = AppIcon;
				CODE_SIGN_STYLE = Automatic;
				INFOPLIST_FILE = flixster/Info.plist;
				LD_RUNPATH_SEARCH_PATHS = (
					"$(inherited)",
					"@executable_path/Frameworks",
				);
				PRODUCT_BUNDLE_IDENTIFIER = com.Danielle.flixster;
				PRODUCT_NAME = "$(TARGET_NAME)";
				SWIFT_VERSION = 5.0;
				TARGETED_DEVICE_FAMILY = "1,2";
			};
			name = Debug;
		};
		B6025860235AC155001AB1A8 /* Release */ = {
			isa = XCBuildConfiguration;
			baseConfigurationReference = 7EB6ED0743AEDB65DF54361F /* Pods-flixster.release.xcconfig */;
			buildSettings = {
				ASSETCATALOG_COMPILER_APPICON_NAME = AppIcon;
				CODE_SIGN_STYLE = Automatic;
				INFOPLIST_FILE = flixster/Info.plist;
				LD_RUNPATH_SEARCH_PATHS = (
					"$(inherited)",
					"@executable_path/Frameworks",
				);
				PRODUCT_BUNDLE_IDENTIFIER = com.Danielle.flixster;
				PRODUCT_NAME = "$(TARGET_NAME)";
				SWIFT_VERSION = 5.0;
				TARGETED_DEVICE_FAMILY = "1,2";
			};
			name = Release;
		};
		B6025862235AC155001AB1A8 /* Debug */ = {
			isa = XCBuildConfiguration;
			baseConfigurationReference = E076A6628959552F346A410D /* Pods-flixsterTests.debug.xcconfig */;
			buildSettings = {
				ALWAYS_EMBED_SWIFT_STANDARD_LIBRARIES = YES;
				BUNDLE_LOADER = "$(TEST_HOST)";
				CODE_SIGN_STYLE = Automatic;
				INFOPLIST_FILE = flixsterTests/Info.plist;
				IPHONEOS_DEPLOYMENT_TARGET = 13.0;
				LD_RUNPATH_SEARCH_PATHS = (
					"$(inherited)",
					"@executable_path/Frameworks",
					"@loader_path/Frameworks",
				);
				PRODUCT_BUNDLE_IDENTIFIER = com.Danielle.flixsterTests;
				PRODUCT_NAME = "$(TARGET_NAME)";
				SWIFT_VERSION = 5.0;
				TARGETED_DEVICE_FAMILY = "1,2";
				TEST_HOST = "$(BUILT_PRODUCTS_DIR)/flixster.app/flixster";
			};
			name = Debug;
		};
		B6025863235AC155001AB1A8 /* Release */ = {
			isa = XCBuildConfiguration;
			baseConfigurationReference = C39804DC4DD2C36EB2A7DCDF /* Pods-flixsterTests.release.xcconfig */;
			buildSettings = {
				ALWAYS_EMBED_SWIFT_STANDARD_LIBRARIES = YES;
				BUNDLE_LOADER = "$(TEST_HOST)";
				CODE_SIGN_STYLE = Automatic;
				INFOPLIST_FILE = flixsterTests/Info.plist;
				IPHONEOS_DEPLOYMENT_TARGET = 13.0;
				LD_RUNPATH_SEARCH_PATHS = (
					"$(inherited)",
					"@executable_path/Frameworks",
					"@loader_path/Frameworks",
				);
				PRODUCT_BUNDLE_IDENTIFIER = com.Danielle.flixsterTests;
				PRODUCT_NAME = "$(TARGET_NAME)";
				SWIFT_VERSION = 5.0;
				TARGETED_DEVICE_FAMILY = "1,2";
				TEST_HOST = "$(BUILT_PRODUCTS_DIR)/flixster.app/flixster";
			};
			name = Release;
		};
		B6025865235AC155001AB1A8 /* Debug */ = {
			isa = XCBuildConfiguration;
			baseConfigurationReference = 1F26A67EA075E4DAB60A860A /* Pods-flixster-flixsterUITests.debug.xcconfig */;
			buildSettings = {
				ALWAYS_EMBED_SWIFT_STANDARD_LIBRARIES = YES;
				CODE_SIGN_STYLE = Automatic;
				INFOPLIST_FILE = flixsterUITests/Info.plist;
				LD_RUNPATH_SEARCH_PATHS = (
					"$(inherited)",
					"@executable_path/Frameworks",
					"@loader_path/Frameworks",
				);
				PRODUCT_BUNDLE_IDENTIFIER = com.Danielle.flixsterUITests;
				PRODUCT_NAME = "$(TARGET_NAME)";
				SWIFT_VERSION = 5.0;
				TARGETED_DEVICE_FAMILY = "1,2";
				TEST_TARGET_NAME = flixster;
			};
			name = Debug;
		};
		B6025866235AC155001AB1A8 /* Release */ = {
			isa = XCBuildConfiguration;
			baseConfigurationReference = E9AC2F79D79DEA2732821C32 /* Pods-flixster-flixsterUITests.release.xcconfig */;
			buildSettings = {
				ALWAYS_EMBED_SWIFT_STANDARD_LIBRARIES = YES;
				CODE_SIGN_STYLE = Automatic;
				INFOPLIST_FILE = flixsterUITests/Info.plist;
				LD_RUNPATH_SEARCH_PATHS = (
					"$(inherited)",
					"@executable_path/Frameworks",
					"@loader_path/Frameworks",
				);
				PRODUCT_BUNDLE_IDENTIFIER = com.Danielle.flixsterUITests;
				PRODUCT_NAME = "$(TARGET_NAME)";
				SWIFT_VERSION = 5.0;
				TARGETED_DEVICE_FAMILY = "1,2";
				TEST_TARGET_NAME = flixster;
			};
			name = Release;
		};
/* End XCBuildConfiguration section */

/* Begin XCConfigurationList section */
		B602582F235AC154001AB1A8 /* Build configuration list for PBXProject "flixster" */ = {
			isa = XCConfigurationList;
			buildConfigurations = (
				B602585C235AC155001AB1A8 /* Debug */,
				B602585D235AC155001AB1A8 /* Release */,
			);
			defaultConfigurationIsVisible = 0;
			defaultConfigurationName = Release;
		};
		B602585E235AC155001AB1A8 /* Build configuration list for PBXNativeTarget "flixster" */ = {
			isa = XCConfigurationList;
			buildConfigurations = (
				B602585F235AC155001AB1A8 /* Debug */,
				B6025860235AC155001AB1A8 /* Release */,
			);
			defaultConfigurationIsVisible = 0;
			defaultConfigurationName = Release;
		};
		B6025861235AC155001AB1A8 /* Build configuration list for PBXNativeTarget "flixsterTests" */ = {
			isa = XCConfigurationList;
			buildConfigurations = (
				B6025862235AC155001AB1A8 /* Debug */,
				B6025863235AC155001AB1A8 /* Release */,
			);
			defaultConfigurationIsVisible = 0;
			defaultConfigurationName = Release;
		};
		B6025864235AC155001AB1A8 /* Build configuration list for PBXNativeTarget "flixsterUITests" */ = {
			isa = XCConfigurationList;
			buildConfigurations = (
				B6025865235AC155001AB1A8 /* Debug */,
				B6025866235AC155001AB1A8 /* Release */,
			);
			defaultConfigurationIsVisible = 0;
			defaultConfigurationName = Release;
		};
/* End XCConfigurationList section */
	};
	rootObject = B602582C235AC154001AB1A8 /* Project object */;
}
